
Microsoft Visual Studio Solution File, Format Version 12.00
# Visual Studio Version 16
VisualStudioVersion = 16.0.33328.57
MinimumVisualStudioVersion = 10.0.40219.1
Project("{FAE04EC0-301F-11D3-BF4B-00C04F79EFBC}") = "Etaloni", "Etaloni\Etaloni.csproj", "{60B36CFF-D5A4-4E46-BD4B-AEB018ED9CFD}"
EndProject
Global
	GlobalSection(SolutionConfigurationPlatforms) = preSolution
		Debug|Any CPU = Debug|Any CPU
		Release|Any CPU = Release|Any CPU
	EndGlobalSection
	GlobalSection(ProjectConfigurationPlatforms) = postSolution
		{60B36CFF-D5A4-4E46-BD4B-AEB018ED9CFD}.Debug|Any CPU.ActiveCfg = Debug|Any CPU
		{60B36CFF-D5A4-4E46-BD4B-AEB018ED9CFD}.Debug|Any CPU.Build.0 = Debug|Any CPU
		{60B36CFF-D5A4-4E46-BD4B-AEB018ED9CFD}.Release|Any CPU.ActiveCfg = Release|Any CPU
		{60B36CFF-D5A4-4E46-BD4B-AEB018ED9CFD}.Release|Any CPU.Build.0 = Release|Any CPU
	EndGlobalSection
	GlobalSection(SolutionProperties) = preSolution
		HideSolutionNode = FALSE
	EndGlobalSection
	GlobalSection(ExtensibilityGlobals) = postSolution
		SolutionGuid = {72DEA57E-6430-4A9A-98C2-4573EBBACDE6}
	EndGlobalSection
EndGlobal
